
Microsoft Visual Studio Solution File, Format Version 12.00
# Visual Studio Version 17
VisualStudioVersion = 17.8.34330.188
MinimumVisualStudioVersion = 10.0.40219.1
Project("{FAE04EC0-301F-11D3-BF4B-00C04F79EFBC}") = "MB_API", "MB_API\MB_API.csproj", "{3BF34AF2-B1CF-4941-AE45-BAA181DA943A}"
EndProject
Global
	GlobalSection(SolutionConfigurationPlatforms) = preSolution
		Debug|Any CPU = Debug|Any CPU
		Release|Any CPU = Release|Any CPU
	EndGlobalSection
	GlobalSection(ProjectConfigurationPlatforms) = postSolution
		{3BF34AF2-B1CF-4941-AE45-BAA181DA943A}.Debug|Any CPU.ActiveCfg = Debug|Any CPU
		{3BF34AF2-B1CF-4941-AE45-BAA181DA943A}.Debug|Any CPU.Build.0 = Debug|Any CPU
		{3BF34AF2-B1CF-4941-AE45-BAA181DA943A}.Release|Any CPU.ActiveCfg = Release|Any CPU
		{3BF34AF2-B1CF-4941-AE45-BAA181DA943A}.Release|Any CPU.Build.0 = Release|Any CPU
	EndGlobalSection
	GlobalSection(SolutionProperties) = preSolution
		HideSolutionNode = FALSE
	EndGlobalSection
	GlobalSection(ExtensibilityGlobals) = postSolution
		SolutionGuid = {2002828C-B2C7-4256-9B7A-B113BFC181C6}
	EndGlobalSection
EndGlobal
